version = 1
revision = 1
requires-python = ">=3.11.9"

[[package]]
name = "lxml"
version = "5.3.2"
source = { registry = "https://pypi.org/simple" }
sdist = { url = "https://files.pythonhosted.org/packages/80/61/d3dc048cd6c7be6fe45b80cedcbdd4326ba4d550375f266d9f4246d0f4bc/lxml-5.3.2.tar.gz", hash = "sha256:773947d0ed809ddad824b7b14467e1a481b8976e87278ac4a730c2f7c7fcddc1", size = 3679948 }
wheels = [
    { url = "https://files.pythonhosted.org/packages/84/b8/2b727f5a90902f7cc5548349f563b60911ca05f3b92e35dfa751349f265f/lxml-5.3.2-cp311-cp311-macosx_10_9_universal2.whl", hash = "sha256:9d61a7d0d208ace43986a92b111e035881c4ed45b1f5b7a270070acae8b0bfb4", size = 8163457 },
    { url = "https://files.pythonhosted.org/packages/91/84/23135b2dc72b3440d68c8f39ace2bb00fe78e3a2255f7c74f7e76f22498e/lxml-5.3.2-cp311-cp311-macosx_10_9_x86_64.whl", hash = "sha256:856dfd7eda0b75c29ac80a31a6411ca12209183e866c33faf46e77ace3ce8a79", size = 4433445 },
    { url = "https://files.pythonhosted.org/packages/c9/1c/6900ade2294488f80598af7b3229669562166384bb10bf4c915342a2f288/lxml-5.3.2-cp311-cp311-manylinux_2_12_i686.manylinux2010_i686.manylinux_2_17_i686.manylinux2014_i686.whl", hash = "sha256:7a01679e4aad0727bedd4c9407d4d65978e920f0200107ceeffd4b019bd48529", size = 5029603 },
    { url = "https://files.pythonhosted.org/packages/2f/e9/31dbe5deaccf0d33ec279cf400306ad4b32dfd1a0fee1fca40c5e90678fe/lxml-5.3.2-cp311-cp311-manylinux_2_17_aarch64.manylinux2014_aarch64.whl", hash = "sha256:b6b37b4c3acb8472d191816d4582379f64d81cecbdce1a668601745c963ca5cc", size = 4771236 },
    { url = "https://files.pythonhosted.org/packages/68/41/c3412392884130af3415af2e89a2007e00b2a782be6fb848a95b598a114c/lxml-5.3.2-cp311-cp311-manylinux_2_17_ppc64le.manylinux2014_ppc64le.whl", hash = "sha256:3df5a54e7b7c31755383f126d3a84e12a4e0333db4679462ef1165d702517477", size = 5369815 },
    { url = "https://files.pythonhosted.org/packages/34/0a/ba0309fd5f990ea0cc05aba2bea225ef1bcb07ecbf6c323c6b119fc46e7f/lxml-5.3.2-cp311-cp311-manylinux_2_17_s390x.manylinux2014_s390x.whl", hash = "sha256:c09a40f28dcded933dc16217d6a092be0cc49ae25811d3b8e937c8060647c353", size = 4843663 },
    { url = "https://files.pythonhosted.org/packages/b6/c6/663b5d87d51d00d4386a2d52742a62daa486c5dc6872a443409d9aeafece/lxml-5.3.2-cp311-cp311-manylinux_2_17_x86_64.manylinux2014_x86_64.whl", hash = "sha256:a1ef20f1851ccfbe6c5a04c67ec1ce49da16ba993fdbabdce87a92926e505412", size = 4918028 },
    { url = "https://files.pythonhosted.org/packages/75/5f/f6a72ccbe05cf83341d4b6ad162ed9e1f1ffbd12f1c4b8bc8ae413392282/lxml-5.3.2-cp311-cp311-manylinux_2_28_aarch64.whl", hash = "sha256:f79a63289dbaba964eb29ed3c103b7911f2dce28c36fe87c36a114e6bd21d7ad", size = 4792005 },
    { url = "https://files.pythonhosted.org/packages/37/7b/8abd5b332252239ffd28df5842ee4e5bf56e1c613c323586c21ccf5af634/lxml-5.3.2-cp311-cp311-manylinux_2_28_ppc64le.whl", hash = "sha256:75a72697d95f27ae00e75086aed629f117e816387b74a2f2da6ef382b460b710", size = 5405363 },
    { url = "https://files.pythonhosted.org/packages/5a/79/549b7ec92b8d9feb13869c1b385a0749d7ccfe5590d1e60f11add9cdd580/lxml-5.3.2-cp311-cp311-manylinux_2_28_s390x.whl", hash = "sha256:b9b00c9ee1cc3a76f1f16e94a23c344e0b6e5c10bec7f94cf2d820ce303b8c01", size = 4932915 },
    { url = "https://files.pythonhosted.org/packages/57/eb/4fa626d0bac8b4f2aa1d0e6a86232db030fd0f462386daf339e4a0ee352b/lxml-5.3.2-cp311-cp311-manylinux_2_28_x86_64.whl", hash = "sha256:77cbcab50cbe8c857c6ba5f37f9a3976499c60eada1bf6d38f88311373d7b4bc", size = 4983473 },
    { url = "https://files.pythonhosted.org/packages/1b/c8/79d61d13cbb361c2c45fbe7c8bd00ea6a23b3e64bc506264d2856c60d702/lxml-5.3.2-cp311-cp311-musllinux_1_2_aarch64.whl", hash = "sha256:29424058f072a24622a0a15357bca63d796954758248a72da6d512f9bd9a4493", size = 4855284 },
    { url = "https://files.pythonhosted.org/packages/80/16/9f84e1ef03a13136ab4f9482c9adaaad425c68b47556b9d3192a782e5d37/lxml-5.3.2-cp311-cp311-musllinux_1_2_ppc64le.whl", hash = "sha256:7d82737a8afe69a7c80ef31d7626075cc7d6e2267f16bf68af2c764b45ed68ab", size = 5458355 },
    { url = "https://files.pythonhosted.org/packages/aa/6d/f62860451bb4683e87636e49effb76d499773337928e53356c1712ccec24/lxml-5.3.2-cp311-cp311-musllinux_1_2_s390x.whl", hash = "sha256:95473d1d50a5d9fcdb9321fdc0ca6e1edc164dce4c7da13616247d27f3d21e31", size = 5300051 },
    { url = "https://files.pythonhosted.org/packages/3f/5f/3b6c4acec17f9a57ea8bb89a658a70621db3fb86ea588e7703b6819d9b03/lxml-5.3.2-cp311-cp311-musllinux_1_2_x86_64.whl", hash = "sha256:2162068f6da83613f8b2a32ca105e37a564afd0d7009b0b25834d47693ce3538", size = 5033481 },
    { url = "https://files.pythonhosted.org/packages/79/bd/3c4dd7d903bb9981f4876c61ef2ff5d5473e409ef61dc7337ac207b91920/lxml-5.3.2-cp311-cp311-win32.whl", hash = "sha256:f8695752cf5d639b4e981afe6c99e060621362c416058effd5c704bede9cb5d1", size = 3474266 },
    { url = "https://files.pythonhosted.org/packages/1f/ea/9311fa1ef75b7d601c89600fc612838ee77ad3d426184941cba9cf62641f/lxml-5.3.2-cp311-cp311-win_amd64.whl", hash = "sha256:d1a94cbb4ee64af3ab386c2d63d6d9e9cf2e256ac0fd30f33ef0a3c88f575174", size = 3815230 },
    { url = "https://files.pythonhosted.org/packages/0d/7e/c749257a7fabc712c4df57927b0f703507f316e9f2c7e3219f8f76d36145/lxml-5.3.2-cp312-cp312-macosx_10_9_universal2.whl", hash = "sha256:16b3897691ec0316a1aa3c6585f61c8b7978475587c5b16fc1d2c28d283dc1b0", size = 8193212 },
    { url = "https://files.pythonhosted.org/packages/a8/50/17e985ba162c9f1ca119f4445004b58f9e5ef559ded599b16755e9bfa260/lxml-5.3.2-cp312-cp312-macosx_10_9_x86_64.whl", hash = "sha256:a8d4b34a0eeaf6e73169dcfd653c8d47f25f09d806c010daf074fba2db5e2d3f", size = 4451439 },
    { url = "https://files.pythonhosted.org/packages/c2/b5/4960ba0fcca6ce394ed4a2f89ee13083e7fcbe9641a91166e8e9792fedb1/lxml-5.3.2-cp312-cp312-manylinux_2_12_i686.manylinux2010_i686.manylinux_2_17_i686.manylinux2014_i686.whl", hash = "sha256:9cd7a959396da425022e1e4214895b5cfe7de7035a043bcc2d11303792b67554", size = 5052146 },
    { url = "https://files.pythonhosted.org/packages/5f/d1/184b04481a5d1f5758916de087430752a7b229bddbd6c1d23405078c72bd/lxml-5.3.2-cp312-cp312-manylinux_2_17_aarch64.manylinux2014_aarch64.whl", hash = "sha256:cac5eaeec3549c5df7f8f97a5a6db6963b91639389cdd735d5a806370847732b", size = 4789082 },
    { url = "https://files.pythonhosted.org/packages/7d/75/1a19749d373e9a3d08861addccdf50c92b628c67074b22b8f3c61997cf5a/lxml-5.3.2-cp312-cp312-manylinux_2_17_ppc64le.manylinux2014_ppc64le.whl", hash = "sha256:29b5f7d77334877c2146e7bb8b94e4df980325fab0a8af4d524e5d43cd6f789d", size = 5312300 },
    { url = "https://files.pythonhosted.org/packages/fb/00/9d165d4060d3f347e63b219fcea5c6a3f9193e9e2868c6801e18e5379725/lxml-5.3.2-cp312-cp312-manylinux_2_17_s390x.manylinux2014_s390x.whl", hash = "sha256:13f3495cfec24e3d63fffd342cc8141355d1d26ee766ad388775f5c8c5ec3932", size = 4836655 },
    { url = "https://files.pythonhosted.org/packages/b8/e9/06720a33cc155966448a19677f079100517b6629a872382d22ebd25e48aa/lxml-5.3.2-cp312-cp312-manylinux_2_17_x86_64.manylinux2014_x86_64.whl", hash = "sha256:e70ad4c9658beeff99856926fd3ee5fde8b519b92c693f856007177c36eb2e30", size = 4961795 },
    { url = "https://files.pythonhosted.org/packages/2d/57/4540efab2673de2904746b37ef7f74385329afd4643ed92abcc9ec6e00ca/lxml-5.3.2-cp312-cp312-manylinux_2_28_aarch64.whl", hash = "sha256:507085365783abd7879fa0a6fa55eddf4bdd06591b17a2418403bb3aff8a267d", size = 4779791 },
    { url = "https://files.pythonhosted.org/packages/99/ad/6056edf6c9f4fa1d41e6fbdae52c733a4a257fd0d7feccfa26ae051bb46f/lxml-5.3.2-cp312-cp312-manylinux_2_28_ppc64le.whl", hash = "sha256:5bb304f67cbf5dfa07edad904732782cbf693286b9cd85af27059c5779131050", size = 5346807 },
    { url = "https://files.pythonhosted.org/packages/a1/fa/5be91fc91a18f3f705ea5533bc2210b25d738c6b615bf1c91e71a9b2f26b/lxml-5.3.2-cp312-cp312-manylinux_2_28_s390x.whl", hash = "sha256:3d84f5c093645c21c29a4e972b84cb7cf682f707f8706484a5a0c7ff13d7a988", size = 4909213 },
    { url = "https://files.pythonhosted.org/packages/f3/74/71bb96a3b5ae36b74e0402f4fa319df5559a8538577f8c57c50f1b57dc15/lxml-5.3.2-cp312-cp312-manylinux_2_28_x86_64.whl", hash = "sha256:bdc13911db524bd63f37b0103af014b7161427ada41f1b0b3c9b5b5a9c1ca927", size = 4987694 },
    { url = "https://files.pythonhosted.org/packages/08/c2/3953a68b0861b2f97234b1838769269478ccf872d8ea7a26e911238220ad/lxml-5.3.2-cp312-cp312-musllinux_1_2_aarch64.whl", hash = "sha256:1ec944539543f66ebc060ae180d47e86aca0188bda9cbfadff47d86b0dc057dc", size = 4862865 },
    { url = "https://files.pythonhosted.org/packages/e0/9a/52e48f7cfd5a5e61f44a77e679880580dfb4f077af52d6ed5dd97e3356fe/lxml-5.3.2-cp312-cp312-musllinux_1_2_ppc64le.whl", hash = "sha256:59d437cc8a7f838282df5a199cf26f97ef08f1c0fbec6e84bd6f5cc2b7913f6e", size = 5423383 },
    { url = "https://files.pythonhosted.org/packages/17/67/42fe1d489e4dcc0b264bef361aef0b929fbb2b5378702471a3043bc6982c/lxml-5.3.2-cp312-cp312-musllinux_1_2_s390x.whl", hash = "sha256:0e275961adbd32e15672e14e0cc976a982075208224ce06d149c92cb43db5b93", size = 5286864 },
    { url = "https://files.pythonhosted.org/packages/29/e4/03b1d040ee3aaf2bd4e1c2061de2eae1178fe9a460d3efc1ea7ef66f6011/lxml-5.3.2-cp312-cp312-musllinux_1_2_x86_64.whl", hash = "sha256:038aeb6937aa404480c2966b7f26f1440a14005cb0702078c173c028eca72c31", size = 5056819 },
    { url = "https://files.pythonhosted.org/packages/83/b3/e2ec8a6378e4d87da3af9de7c862bcea7ca624fc1a74b794180c82e30123/lxml-5.3.2-cp312-cp312-win32.whl", hash = "sha256:3c2c8d0fa3277147bff180e3590be67597e17d365ce94beb2efa3138a2131f71", size = 3486177 },
    { url = "https://files.pythonhosted.org/packages/d5/8a/6a08254b0bab2da9573735725caab8302a2a1c9b3818533b41568ca489be/lxml-5.3.2-cp312-cp312-win_amd64.whl", hash = "sha256:77809fcd97dfda3f399102db1794f7280737b69830cd5c961ac87b3c5c05662d", size = 3817134 },
    { url = "https://files.pythonhosted.org/packages/19/fe/904fd1b0ba4f42ed5a144fcfff7b8913181892a6aa7aeb361ee783d441f8/lxml-5.3.2-cp313-cp313-macosx_10_13_universal2.whl", hash = "sha256:77626571fb5270ceb36134765f25b665b896243529eefe840974269b083e090d", size = 8173598 },
    { url = "https://files.pythonhosted.org/packages/97/e8/5e332877b3ce4e2840507b35d6dbe1cc33b17678ece945ba48d2962f8c06/lxml-5.3.2-cp313-cp313-macosx_10_13_x86_64.whl", hash = "sha256:78a533375dc7aa16d0da44af3cf6e96035e484c8c6b2b2445541a5d4d3d289ee", size = 4441586 },
    { url = "https://files.pythonhosted.org/packages/de/f4/8fe2e6d8721803182fbce2325712e98f22dbc478126070e62731ec6d54a0/lxml-5.3.2-cp313-cp313-manylinux_2_12_i686.manylinux2010_i686.manylinux_2_17_i686.manylinux2014_i686.whl", hash = "sha256:a6f62b2404b3f3f0744bbcabb0381c5fe186fa2a9a67ecca3603480f4846c585", size = 5038447 },
    { url = "https://files.pythonhosted.org/packages/a6/ac/fa63f86a1a4b1ba8b03599ad9e2f5212fa813223ac60bfe1155390d1cc0c/lxml-5.3.2-cp313-cp313-manylinux_2_17_aarch64.manylinux2014_aarch64.whl", hash = "sha256:2ea918da00091194526d40c30c4996971f09dacab032607581f8d8872db34fbf", size = 4783583 },
    { url = "https://files.pythonhosted.org/packages/1a/7a/08898541296a02c868d4acc11f31a5839d80f5b21d4a96f11d4c0fbed15e/lxml-5.3.2-cp313-cp313-manylinux_2_17_ppc64le.manylinux2014_ppc64le.whl", hash = "sha256:c35326f94702a7264aa0eea826a79547d3396a41ae87a70511b9f6e9667ad31c", size = 5305684 },
    { url = "https://files.pythonhosted.org/packages/0b/be/9a6d80b467771b90be762b968985d3de09e0d5886092238da65dac9c1f75/lxml-5.3.2-cp313-cp313-manylinux_2_17_s390x.manylinux2014_s390x.whl", hash = "sha256:e3bef90af21d31c4544bc917f51e04f94ae11b43156356aff243cdd84802cbf2", size = 4830797 },
    { url = "https://files.pythonhosted.org/packages/8d/1c/493632959f83519802637f7db3be0113b6e8a4e501b31411fbf410735a75/lxml-5.3.2-cp313-cp313-manylinux_2_17_x86_64.manylinux2014_x86_64.whl", hash = "sha256:52fa7ba11a495b7cbce51573c73f638f1dcff7b3ee23697467dc063f75352a69", size = 4950302 },
    { url = "https://files.pythonhosted.org/packages/c7/13/01aa3b92a6b93253b90c061c7527261b792f5ae7724b420cded733bfd5d6/lxml-5.3.2-cp313-cp313-manylinux_2_28_aarch64.whl", hash = "sha256:ad131e2c4d2c3803e736bb69063382334e03648de2a6b8f56a878d700d4b557d", size = 4775247 },
    { url = "https://files.pythonhosted.org/packages/60/4a/baeb09fbf5c84809e119c9cf8e2e94acec326a9b45563bf5ae45a234973b/lxml-5.3.2-cp313-cp313-manylinux_2_28_ppc64le.whl", hash = "sha256:00a4463ca409ceacd20490a893a7e08deec7870840eff33dc3093067b559ce3e", size = 5338824 },
    { url = "https://files.pythonhosted.org/packages/69/c7/a05850f169ad783ed09740ac895e158b06d25fce4b13887a8ac92a84d61c/lxml-5.3.2-cp313-cp313-manylinux_2_28_s390x.whl", hash = "sha256:87e8d78205331cace2b73ac8249294c24ae3cba98220687b5b8ec5971a2267f1", size = 4899079 },
    { url = "https://files.pythonhosted.org/packages/de/48/18ca583aba5235582db0e933ed1af6540226ee9ca16c2ee2d6f504fcc34a/lxml-5.3.2-cp313-cp313-manylinux_2_28_x86_64.whl", hash = "sha256:bf6389133bb255e530a4f2f553f41c4dd795b1fbb6f797aea1eff308f1e11606", size = 4978041 },
    { url = "https://files.pythonhosted.org/packages/b6/55/6968ddc88554209d1dba0dca196360c629b3dfe083bc32a3370f9523a0c4/lxml-5.3.2-cp313-cp313-musllinux_1_2_aarch64.whl", hash = "sha256:b3709fc752b42fb6b6ffa2ba0a5b9871646d97d011d8f08f4d5b3ee61c7f3b2b", size = 4859761 },
    { url = "https://files.pythonhosted.org/packages/2e/52/d2d3baa1e0b7d04a729613160f1562f466fb1a0e45085a33acb0d6981a2b/lxml-5.3.2-cp313-cp313-musllinux_1_2_ppc64le.whl", hash = "sha256:abc795703d0de5d83943a4badd770fbe3d1ca16ee4ff3783d7caffc252f309ae", size = 5418209 },
    { url = "https://files.pythonhosted.org/packages/d3/50/6005b297ba5f858a113d6e81ccdb3a558b95a615772e7412d1f1cbdf22d7/lxml-5.3.2-cp313-cp313-musllinux_1_2_s390x.whl", hash = "sha256:98050830bb6510159f65d9ad1b8aca27f07c01bb3884ba95f17319ccedc4bcf9", size = 5274231 },
    { url = "https://files.pythonhosted.org/packages/fb/33/6f40c09a5f7d7e7fcb85ef75072e53eba3fbadbf23e4991ca069ab2b1abb/lxml-5.3.2-cp313-cp313-musllinux_1_2_x86_64.whl", hash = "sha256:6ba465a91acc419c5682f8b06bcc84a424a7aa5c91c220241c6fd31de2a72bc6", size = 5051899 },
    { url = "https://files.pythonhosted.org/packages/8b/3a/673bc5c0d5fb6596ee2963dd016fdaefaed2c57ede82c7634c08cbda86c1/lxml-5.3.2-cp313-cp313-win32.whl", hash = "sha256:56a1d56d60ea1ec940f949d7a309e0bff05243f9bd337f585721605670abb1c1", size = 3485315 },
    { url = "https://files.pythonhosted.org/packages/8c/be/cab8dd33b0dbe3af5b5d4d24137218f79ea75d540f74eb7d8581195639e0/lxml-5.3.2-cp313-cp313-win_amd64.whl", hash = "sha256:1a580dc232c33d2ad87d02c8a3069d47abbcdce974b9c9cc82a79ff603065dbe", size = 3814639 },
]

[[package]]
name = "pillow"
version = "11.2.1"
source = { registry = "https://pypi.org/simple" }
sdist = { url = "https://files.pythonhosted.org/packages/af/cb/bb5c01fcd2a69335b86c22142b2bccfc3464087efb7fd382eee5ffc7fdf7/pillow-11.2.1.tar.gz", hash = "sha256:a64dd61998416367b7ef979b73d3a85853ba9bec4c2925f74e588879a58716b6", size = 47026707 }
wheels = [
    { url = "https://files.pythonhosted.org/packages/68/08/3fbf4b98924c73037a8e8b4c2c774784805e0fb4ebca6c5bb60795c40125/pillow-11.2.1-cp311-cp311-macosx_10_10_x86_64.whl", hash = "sha256:35ca289f712ccfc699508c4658a1d14652e8033e9b69839edf83cbdd0ba39e70", size = 3198450 },
    { url = "https://files.pythonhosted.org/packages/84/92/6505b1af3d2849d5e714fc75ba9e69b7255c05ee42383a35a4d58f576b16/pillow-11.2.1-cp311-cp311-macosx_11_0_arm64.whl", hash = "sha256:e0409af9f829f87a2dfb7e259f78f317a5351f2045158be321fd135973fff7bf", size = 3030550 },
    { url = "https://files.pythonhosted.org/packages/3c/8c/ac2f99d2a70ff966bc7eb13dacacfaab57c0549b2ffb351b6537c7840b12/pillow-11.2.1-cp311-cp311-manylinux_2_17_aarch64.manylinux2014_aarch64.whl", hash = "sha256:d4e5c5edee874dce4f653dbe59db7c73a600119fbea8d31f53423586ee2aafd7", size = 4415018 },
    { url = "https://files.pythonhosted.org/packages/1f/e3/0a58b5d838687f40891fff9cbaf8669f90c96b64dc8f91f87894413856c6/pillow-11.2.1-cp311-cp311-manylinux_2_17_x86_64.manylinux2014_x86_64.whl", hash = "sha256:b93a07e76d13bff9444f1a029e0af2964e654bfc2e2c2d46bfd080df5ad5f3d8", size = 4498006 },
    { url = "https://files.pythonhosted.org/packages/21/f5/6ba14718135f08fbfa33308efe027dd02b781d3f1d5c471444a395933aac/pillow-11.2.1-cp311-cp311-manylinux_2_28_aarch64.whl", hash = "sha256:e6def7eed9e7fa90fde255afaf08060dc4b343bbe524a8f69bdd2a2f0018f600", size = 4517773 },
    { url = "https://files.pythonhosted.org/packages/20/f2/805ad600fc59ebe4f1ba6129cd3a75fb0da126975c8579b8f57abeb61e80/pillow-11.2.1-cp311-cp311-manylinux_2_28_x86_64.whl", hash = "sha256:8f4f3724c068be008c08257207210c138d5f3731af6c155a81c2b09a9eb3a788", size = 4607069 },
    { url = "https://files.pythonhosted.org/packages/71/6b/4ef8a288b4bb2e0180cba13ca0a519fa27aa982875882392b65131401099/pillow-11.2.1-cp311-cp311-musllinux_1_2_aarch64.whl", hash = "sha256:a0a6709b47019dff32e678bc12c63008311b82b9327613f534e496dacaefb71e", size = 4583460 },
    { url = "https://files.pythonhosted.org/packages/62/ae/f29c705a09cbc9e2a456590816e5c234382ae5d32584f451c3eb41a62062/pillow-11.2.1-cp311-cp311-musllinux_1_2_x86_64.whl", hash = "sha256:f6b0c664ccb879109ee3ca702a9272d877f4fcd21e5eb63c26422fd6e415365e", size = 4661304 },
    { url = "https://files.pythonhosted.org/packages/6e/1a/c8217b6f2f73794a5e219fbad087701f412337ae6dbb956db37d69a9bc43/pillow-11.2.1-cp311-cp311-win32.whl", hash = "sha256:cc5d875d56e49f112b6def6813c4e3d3036d269c008bf8aef72cd08d20ca6df6", size = 2331809 },
    { url = "https://files.pythonhosted.org/packages/e2/72/25a8f40170dc262e86e90f37cb72cb3de5e307f75bf4b02535a61afcd519/pillow-11.2.1-cp311-cp311-win_amd64.whl", hash = "sha256:0f5c7eda47bf8e3c8a283762cab94e496ba977a420868cb819159980b6709193", size = 2676338 },
    { url = "https://files.pythonhosted.org/packages/06/9e/76825e39efee61efea258b479391ca77d64dbd9e5804e4ad0fa453b4ba55/pillow-11.2.1-cp311-cp311-win_arm64.whl", hash = "sha256:4d375eb838755f2528ac8cbc926c3e31cc49ca4ad0cf79cff48b20e30634a4a7", size = 2414918 },
    { url = "https://files.pythonhosted.org/packages/c7/40/052610b15a1b8961f52537cc8326ca6a881408bc2bdad0d852edeb6ed33b/pillow-11.2.1-cp312-cp312-macosx_10_13_x86_64.whl", hash = "sha256:78afba22027b4accef10dbd5eed84425930ba41b3ea0a86fa8d20baaf19d807f", size = 3190185 },
    { url = "https://files.pythonhosted.org/packages/e5/7e/b86dbd35a5f938632093dc40d1682874c33dcfe832558fc80ca56bfcb774/pillow-11.2.1-cp312-cp312-macosx_11_0_arm64.whl", hash = "sha256:78092232a4ab376a35d68c4e6d5e00dfd73454bd12b230420025fbe178ee3b0b", size = 3030306 },
    { url = "https://files.pythonhosted.org/packages/a4/5c/467a161f9ed53e5eab51a42923c33051bf8d1a2af4626ac04f5166e58e0c/pillow-11.2.1-cp312-cp312-manylinux_2_17_aarch64.manylinux2014_aarch64.whl", hash = "sha256:25a5f306095c6780c52e6bbb6109624b95c5b18e40aab1c3041da3e9e0cd3e2d", size = 4416121 },
    { url = "https://files.pythonhosted.org/packages/62/73/972b7742e38ae0e2ac76ab137ca6005dcf877480da0d9d61d93b613065b4/pillow-11.2.1-cp312-cp312-manylinux_2_17_x86_64.manylinux2014_x86_64.whl", hash = "sha256:0c7b29dbd4281923a2bfe562acb734cee96bbb129e96e6972d315ed9f232bef4", size = 4501707 },
    { url = "https://files.pythonhosted.org/packages/e4/3a/427e4cb0b9e177efbc1a84798ed20498c4f233abde003c06d2650a6d60cb/pillow-11.2.1-cp312-cp312-manylinux_2_28_aarch64.whl", hash = "sha256:3e645b020f3209a0181a418bffe7b4a93171eef6c4ef6cc20980b30bebf17b7d", size = 4522921 },
    { url = "https://files.pythonhosted.org/packages/fe/7c/d8b1330458e4d2f3f45d9508796d7caf0c0d3764c00c823d10f6f1a3b76d/pillow-11.2.1-cp312-cp312-manylinux_2_28_x86_64.whl", hash = "sha256:b2dbea1012ccb784a65349f57bbc93730b96e85b42e9bf7b01ef40443db720b4", size = 4612523 },
    { url = "https://files.pythonhosted.org/packages/b3/2f/65738384e0b1acf451de5a573d8153fe84103772d139e1e0bdf1596be2ea/pillow-11.2.1-cp312-cp312-musllinux_1_2_aarch64.whl", hash = "sha256:da3104c57bbd72948d75f6a9389e6727d2ab6333c3617f0a89d72d4940aa0443", size = 4587836 },
    { url = "https://files.pythonhosted.org/packages/6a/c5/e795c9f2ddf3debb2dedd0df889f2fe4b053308bb59a3cc02a0cd144d641/pillow-11.2.1-cp312-cp312-musllinux_1_2_x86_64.whl", hash = "sha256:598174aef4589af795f66f9caab87ba4ff860ce08cd5bb447c6fc553ffee603c", size = 4669390 },
    { url = "https://files.pythonhosted.org/packages/96/ae/ca0099a3995976a9fce2f423166f7bff9b12244afdc7520f6ed38911539a/pillow-11.2.1-cp312-cp312-win32.whl", hash = "sha256:1d535df14716e7f8776b9e7fee118576d65572b4aad3ed639be9e4fa88a1cad3", size = 2332309 },
    { url = "https://files.pythonhosted.org/packages/7c/18/24bff2ad716257fc03da964c5e8f05d9790a779a8895d6566e493ccf0189/pillow-11.2.1-cp312-cp312-win_amd64.whl", hash = "sha256:14e33b28bf17c7a38eede290f77db7c664e4eb01f7869e37fa98a5aa95978941", size = 2676768 },
    { url = "https://files.pythonhosted.org/packages/da/bb/e8d656c9543276517ee40184aaa39dcb41e683bca121022f9323ae11b39d/pillow-11.2.1-cp312-cp312-win_arm64.whl", hash = "sha256:21e1470ac9e5739ff880c211fc3af01e3ae505859392bf65458c224d0bf283eb", size = 2415087 },
    { url = "https://files.pythonhosted.org/packages/36/9c/447528ee3776e7ab8897fe33697a7ff3f0475bb490c5ac1456a03dc57956/pillow-11.2.1-cp313-cp313-macosx_10_13_x86_64.whl", hash = "sha256:fdec757fea0b793056419bca3e9932eb2b0ceec90ef4813ea4c1e072c389eb28", size = 3190098 },
    { url = "https://files.pythonhosted.org/packages/b5/09/29d5cd052f7566a63e5b506fac9c60526e9ecc553825551333e1e18a4858/pillow-11.2.1-cp313-cp313-macosx_11_0_arm64.whl", hash = "sha256:b0e130705d568e2f43a17bcbe74d90958e8a16263868a12c3e0d9c8162690830", size = 3030166 },
    { url = "https://files.pythonhosted.org/packages/71/5d/446ee132ad35e7600652133f9c2840b4799bbd8e4adba881284860da0a36/pillow-11.2.1-cp313-cp313-manylinux_2_17_aarch64.manylinux2014_aarch64.whl", hash = "sha256:7bdb5e09068332578214cadd9c05e3d64d99e0e87591be22a324bdbc18925be0", size = 4408674 },
    { url = "https://files.pythonhosted.org/packages/69/5f/cbe509c0ddf91cc3a03bbacf40e5c2339c4912d16458fcb797bb47bcb269/pillow-11.2.1-cp313-cp313-manylinux_2_17_x86_64.manylinux2014_x86_64.whl", hash = "sha256:d189ba1bebfbc0c0e529159631ec72bb9e9bc041f01ec6d3233d6d82eb823bc1", size = 4496005 },
    { url = "https://files.pythonhosted.org/packages/f9/b3/dd4338d8fb8a5f312021f2977fb8198a1184893f9b00b02b75d565c33b51/pillow-11.2.1-cp313-cp313-manylinux_2_28_aarch64.whl", hash = "sha256:191955c55d8a712fab8934a42bfefbf99dd0b5875078240943f913bb66d46d9f", size = 4518707 },
    { url = "https://files.pythonhosted.org/packages/13/eb/2552ecebc0b887f539111c2cd241f538b8ff5891b8903dfe672e997529be/pillow-11.2.1-cp313-cp313-manylinux_2_28_x86_64.whl", hash = "sha256:ad275964d52e2243430472fc5d2c2334b4fc3ff9c16cb0a19254e25efa03a155", size = 4610008 },
    { url = "https://files.pythonhosted.org/packages/72/d1/924ce51bea494cb6e7959522d69d7b1c7e74f6821d84c63c3dc430cbbf3b/pillow-11.2.1-cp313-cp313-musllinux_1_2_aarch64.whl", hash = "sha256:750f96efe0597382660d8b53e90dd1dd44568a8edb51cb7f9d5d918b80d4de14", size = 4585420 },
    { url = "https://files.pythonhosted.org/packages/43/ab/8f81312d255d713b99ca37479a4cb4b0f48195e530cdc1611990eb8fd04b/pillow-11.2.1-cp313-cp313-musllinux_1_2_x86_64.whl", hash = "sha256:fe15238d3798788d00716637b3d4e7bb6bde18b26e5d08335a96e88564a36b6b", size = 4667655 },
    { url = "https://files.pythonhosted.org/packages/94/86/8f2e9d2dc3d308dfd137a07fe1cc478df0a23d42a6c4093b087e738e4827/pillow-11.2.1-cp313-cp313-win32.whl", hash = "sha256:3fe735ced9a607fee4f481423a9c36701a39719252a9bb251679635f99d0f7d2", size = 2332329 },
    { url = "https://files.pythonhosted.org/packages/6d/ec/1179083b8d6067a613e4d595359b5fdea65d0a3b7ad623fee906e1b3c4d2/pillow-11.2.1-cp313-cp313-win_amd64.whl", hash = "sha256:74ee3d7ecb3f3c05459ba95eed5efa28d6092d751ce9bf20e3e253a4e497e691", size = 2676388 },
    { url = "https://files.pythonhosted.org/packages/23/f1/2fc1e1e294de897df39fa8622d829b8828ddad938b0eaea256d65b84dd72/pillow-11.2.1-cp313-cp313-win_arm64.whl", hash = "sha256:5119225c622403afb4b44bad4c1ca6c1f98eed79db8d3bc6e4e160fc6339d66c", size = 2414950 },
    { url = "https://files.pythonhosted.org/packages/c4/3e/c328c48b3f0ead7bab765a84b4977acb29f101d10e4ef57a5e3400447c03/pillow-11.2.1-cp313-cp313t-macosx_10_13_x86_64.whl", hash = "sha256:8ce2e8411c7aaef53e6bb29fe98f28cd4fbd9a1d9be2eeea434331aac0536b22", size = 3192759 },
    { url = "https://files.pythonhosted.org/packages/18/0e/1c68532d833fc8b9f404d3a642991441d9058eccd5606eab31617f29b6d4/pillow-11.2.1-cp313-cp313t-macosx_11_0_arm64.whl", hash = "sha256:9ee66787e095127116d91dea2143db65c7bb1e232f617aa5957c0d9d2a3f23a7", size = 3033284 },
    { url = "https://files.pythonhosted.org/packages/b7/cb/6faf3fb1e7705fd2db74e070f3bf6f88693601b0ed8e81049a8266de4754/pillow-11.2.1-cp313-cp313t-manylinux_2_17_aarch64.manylinux2014_aarch64.whl", hash = "sha256:9622e3b6c1d8b551b6e6f21873bdcc55762b4b2126633014cea1803368a9aa16", size = 4445826 },
    { url = "https://files.pythonhosted.org/packages/07/94/8be03d50b70ca47fb434a358919d6a8d6580f282bbb7af7e4aa40103461d/pillow-11.2.1-cp313-cp313t-manylinux_2_17_x86_64.manylinux2014_x86_64.whl", hash = "sha256:63b5dff3a68f371ea06025a1a6966c9a1e1ee452fc8020c2cd0ea41b83e9037b", size = 4527329 },
    { url = "https://files.pythonhosted.org/packages/fd/a4/bfe78777076dc405e3bd2080bc32da5ab3945b5a25dc5d8acaa9de64a162/pillow-11.2.1-cp313-cp313t-manylinux_2_28_aarch64.whl", hash = "sha256:31df6e2d3d8fc99f993fd253e97fae451a8db2e7207acf97859732273e108406", size = 4549049 },
    { url = "https://files.pythonhosted.org/packages/65/4d/eaf9068dc687c24979e977ce5677e253624bd8b616b286f543f0c1b91662/pillow-11.2.1-cp313-cp313t-manylinux_2_28_x86_64.whl", hash = "sha256:062b7a42d672c45a70fa1f8b43d1d38ff76b63421cbbe7f88146b39e8a558d91", size = 4635408 },
    { url = "https://files.pythonhosted.org/packages/1d/26/0fd443365d9c63bc79feb219f97d935cd4b93af28353cba78d8e77b61719/pillow-11.2.1-cp313-cp313t-musllinux_1_2_aarch64.whl", hash = "sha256:4eb92eca2711ef8be42fd3f67533765d9fd043b8c80db204f16c8ea62ee1a751", size = 4614863 },
    { url = "https://files.pythonhosted.org/packages/49/65/dca4d2506be482c2c6641cacdba5c602bc76d8ceb618fd37de855653a419/pillow-11.2.1-cp313-cp313t-musllinux_1_2_x86_64.whl", hash = "sha256:f91ebf30830a48c825590aede79376cb40f110b387c17ee9bd59932c961044f9", size = 4692938 },
    { url = "https://files.pythonhosted.org/packages/b3/92/1ca0c3f09233bd7decf8f7105a1c4e3162fb9142128c74adad0fb361b7eb/pillow-11.2.1-cp313-cp313t-win32.whl", hash = "sha256:e0b55f27f584ed623221cfe995c912c61606be8513bfa0e07d2c674b4516d9dd", size = 2335774 },
    { url = "https://files.pythonhosted.org/packages/a5/ac/77525347cb43b83ae905ffe257bbe2cc6fd23acb9796639a1f56aa59d191/pillow-11.2.1-cp313-cp313t-win_amd64.whl", hash = "sha256:36d6b82164c39ce5482f649b437382c0fb2395eabc1e2b1702a6deb8ad647d6e", size = 2681895 },
    { url = "https://files.pythonhosted.org/packages/67/32/32dc030cfa91ca0fc52baebbba2e009bb001122a1daa8b6a79ad830b38d3/pillow-11.2.1-cp313-cp313t-win_arm64.whl", hash = "sha256:225c832a13326e34f212d2072982bb1adb210e0cc0b153e688743018c94a2681", size = 2417234 },
    { url = "https://files.pythonhosted.org/packages/a4/ad/2613c04633c7257d9481ab21d6b5364b59fc5d75faafd7cb8693523945a3/pillow-11.2.1-pp311-pypy311_pp73-macosx_10_15_x86_64.whl", hash = "sha256:80f1df8dbe9572b4b7abdfa17eb5d78dd620b1d55d9e25f834efdbee872d3aed", size = 3181734 },
    { url = "https://files.pythonhosted.org/packages/a4/fd/dcdda4471ed667de57bb5405bb42d751e6cfdd4011a12c248b455c778e03/pillow-11.2.1-pp311-pypy311_pp73-macosx_11_0_arm64.whl", hash = "sha256:ea926cfbc3957090becbcbbb65ad177161a2ff2ad578b5a6ec9bb1e1cd78753c", size = 2999841 },
    { url = "https://files.pythonhosted.org/packages/ac/89/8a2536e95e77432833f0db6fd72a8d310c8e4272a04461fb833eb021bf94/pillow-11.2.1-pp311-pypy311_pp73-manylinux_2_17_aarch64.manylinux2014_aarch64.whl", hash = "sha256:738db0e0941ca0376804d4de6a782c005245264edaa253ffce24e5a15cbdc7bd", size = 3437470 },
    { url = "https://files.pythonhosted.org/packages/9d/8f/abd47b73c60712f88e9eda32baced7bfc3e9bd6a7619bb64b93acff28c3e/pillow-11.2.1-pp311-pypy311_pp73-manylinux_2_17_x86_64.manylinux2014_x86_64.whl", hash = "sha256:9db98ab6565c69082ec9b0d4e40dd9f6181dab0dd236d26f7a50b8b9bfbd5076", size = 3460013 },
    { url = "https://files.pythonhosted.org/packages/f6/20/5c0a0aa83b213b7a07ec01e71a3d6ea2cf4ad1d2c686cc0168173b6089e7/pillow-11.2.1-pp311-pypy311_pp73-manylinux_2_28_aarch64.whl", hash = "sha256:036e53f4170e270ddb8797d4c590e6dd14d28e15c7da375c18978045f7e6c37b", size = 3527165 },
    { url = "https://files.pythonhosted.org/packages/58/0e/2abab98a72202d91146abc839e10c14f7cf36166f12838ea0c4db3ca6ecb/pillow-11.2.1-pp311-pypy311_pp73-manylinux_2_28_x86_64.whl", hash = "sha256:14f73f7c291279bd65fda51ee87affd7c1e097709f7fdd0188957a16c264601f", size = 3571586 },
    { url = "https://files.pythonhosted.org/packages/21/2c/5e05f58658cf49b6667762cca03d6e7d85cededde2caf2ab37b81f80e574/pillow-11.2.1-pp311-pypy311_pp73-win_amd64.whl", hash = "sha256:208653868d5c9ecc2b327f9b9ef34e0e42a4cdd172c2988fd81d62d2bc9bc044", size = 2674751 },
]

[[package]]
name = "pptxr"
version = "0.1.0"
source = { editable = "." }
dependencies = [
    { name = "python-pptx" },
]

[package.metadata]
requires-dist = [{ name = "python-pptx", specifier = ">=1.0.2" }]

[[package]]
name = "python-pptx"
version = "1.0.2"
source = { registry = "https://pypi.org/simple" }
dependencies = [
    { name = "lxml" },
    { name = "pillow" },
    { name = "typing-extensions" },
    { name = "xlsxwriter" },
]
sdist = { url = "https://files.pythonhosted.org/packages/52/a9/0c0db8d37b2b8a645666f7fd8accea4c6224e013c42b1d5c17c93590cd06/python_pptx-1.0.2.tar.gz", hash = "sha256:479a8af0eaf0f0d76b6f00b0887732874ad2e3188230315290cd1f9dd9cc7095", size = 10109297 }
wheels = [
    { url = "https://files.pythonhosted.org/packages/d9/4f/00be2196329ebbff56ce564aa94efb0fbc828d00de250b1980de1a34ab49/python_pptx-1.0.2-py3-none-any.whl", hash = "sha256:160838e0b8565a8b1f67947675886e9fea18aa5e795db7ae531606d68e785cba", size = 472788 },
]

[[package]]
name = "typing-extensions"
version = "4.13.2"
source = { registry = "https://pypi.org/simple" }
sdist = { url = "https://files.pythonhosted.org/packages/f6/37/23083fcd6e35492953e8d2aaaa68b860eb422b34627b13f2ce3eb6106061/typing_extensions-4.13.2.tar.gz", hash = "sha256:e6c81219bd689f51865d9e372991c540bda33a0379d5573cddb9a3a23f7caaef", size = 106967 }
wheels = [
    { url = "https://files.pythonhosted.org/packages/8b/54/b1ae86c0973cc6f0210b53d508ca3641fb6d0c56823f288d108bc7ab3cc8/typing_extensions-4.13.2-py3-none-any.whl", hash = "sha256:a439e7c04b49fec3e5d3e2beaa21755cadbbdc391694e28ccdd36ca4a1408f8c", size = 45806 },
]

[[package]]
name = "xlsxwriter"
version = "3.2.3"
source = { registry = "https://pypi.org/simple" }
sdist = { url = "https://files.pythonhosted.org/packages/a7/d1/e026d33dd5d552e5bf3a873dee54dad66b550230df8290d79394f09b2315/xlsxwriter-3.2.3.tar.gz", hash = "sha256:ad6fd41bdcf1b885876b1f6b7087560aecc9ae5a9cc2ba97dcac7ab2e210d3d5", size = 209135 }
wheels = [
    { url = "https://files.pythonhosted.org/packages/37/b1/a252d499f2760b314fcf264d2b36fcc4343a1ecdb25492b210cb0db70a68/XlsxWriter-3.2.3-py3-none-any.whl", hash = "sha256:593f8296e8a91790c6d0378ab08b064f34a642b3feb787cf6738236bd0a4860d", size = 169433 },
]
